
Microsoft Visual Studio Solution File, Format Version 12.00
# Visual Studio Version 17
VisualStudioVersion = 17.5.33516.290
MinimumVisualStudioVersion = 10.0.40219.1
Project("{FAE04EC0-301F-11D3-BF4B-00C04F79EFBC}") = "lab7", "lab7\lab7.csproj", "{B62EF72B-BBCB-4F70-A8D9-29341892EFBB}"
EndProject
Global
	GlobalSection(SolutionConfigurationPlatforms) = preSolution
		Debug|Any CPU = Debug|Any CPU
		Release|Any CPU = Release|Any CPU
	EndGlobalSection
	GlobalSection(ProjectConfigurationPlatforms) = postSolution
		{B62EF72B-BBCB-4F70-A8D9-29341892EFBB}.Debug|Any CPU.ActiveCfg = Debug|Any CPU
		{B62EF72B-BBCB-4F70-A8D9-29341892EFBB}.Debug|Any CPU.Build.0 = Debug|Any CPU
		{B62EF72B-BBCB-4F70-A8D9-29341892EFBB}.Release|Any CPU.ActiveCfg = Release|Any CPU
		{B62EF72B-BBCB-4F70-A8D9-29341892EFBB}.Release|Any CPU.Build.0 = Release|Any CPU
	EndGlobalSection
	GlobalSection(SolutionProperties) = preSolution
		HideSolutionNode = FALSE
	EndGlobalSection
	GlobalSection(ExtensibilityGlobals) = postSolution
		SolutionGuid = {BB855276-B07F-45F6-A7EA-797948C98A9C}
	EndGlobalSection
EndGlobal
